
Microsoft Visual Studio Solution File, Format Version 12.00
# Visual Studio 11
Project("{FAE04EC0-301F-11D3-BF4B-00C04F79EFBC}") = "RefAssistant.ObjectModel", "RefAssistant.ObjectModel\RefAssistant.ObjectModel.csproj", "{27667DD0-A302-4D10-9D5F-694F31B1F354}"
EndProject
Project("{FAE04EC0-301F-11D3-BF4B-00C04F79EFBC}") = "RefAssistant.11.0", "RefAssistant.Package\RefAssistant.11.0.csproj", "{3CAF9457-702C-4B9A-B927-7CC52099C032}"
EndProject
Global
	GlobalSection(TeamFoundationVersionControl) = preSolution
		SccEnterpriseProvider = {4CA58AB2-18FA-4F8D-95D4-32DDF27D184C}
		SccLocalPath0 = RefAssistant.ObjectModel
		SccLocalPath1 = .
		SccLocalPath2 = RefAssistant.Package
		SccNumberOfProjects = 3
		SccProjectName0 = RefAssistant.ObjectModel
		SccProjectName2 = RefAssistant.Package
		SccProjectUniqueName0 = RefAssistant.ObjectModel\\RefAssistant.ObjectModel.csproj
		SccProjectUniqueName2 = RefAssistant.Package\\RefAssistant.11.0.csproj
		SccTeamFoundationServer = https://tfs.codeplex.com/tfs/tfs34
	EndGlobalSection
	GlobalSection(SolutionConfigurationPlatforms) = preSolution
		Debug|Any CPU = Debug|Any CPU
		Release|Any CPU = Release|Any CPU
	EndGlobalSection
	GlobalSection(ProjectConfigurationPlatforms) = postSolution
		{27667DD0-A302-4D10-9D5F-694F31B1F354}.Debug|Any CPU.ActiveCfg = Debug|Any CPU
		{27667DD0-A302-4D10-9D5F-694F31B1F354}.Debug|Any CPU.Build.0 = Debug|Any CPU
		{27667DD0-A302-4D10-9D5F-694F31B1F354}.Release|Any CPU.ActiveCfg = Release|Any CPU
		{27667DD0-A302-4D10-9D5F-694F31B1F354}.Release|Any CPU.Build.0 = Release|Any CPU
		{3CAF9457-702C-4B9A-B927-7CC52099C032}.Debug|Any CPU.ActiveCfg = Debug|Any CPU
		{3CAF9457-702C-4B9A-B927-7CC52099C032}.Debug|Any CPU.Build.0 = Debug|Any CPU
		{3CAF9457-702C-4B9A-B927-7CC52099C032}.Release|Any CPU.ActiveCfg = Release|Any CPU
		{3CAF9457-702C-4B9A-B927-7CC52099C032}.Release|Any CPU.Build.0 = Release|Any CPU
	EndGlobalSection
	GlobalSection(SolutionProperties) = preSolution
		HideSolutionNode = FALSE
	EndGlobalSection
EndGlobal
